
Microsoft Visual Studio Solution File, Format Version 12.00
# Visual Studio Version 17
VisualStudioVersion = 17.13.35919.96
MinimumVisualStudioVersion = 10.0.40219.1
Project("{FAE04EC0-301F-11D3-BF4B-00C04F79EFBC}") = "RetailShop", "RetailShop\RetailShop.csproj", "{0765DFE4-D20D-41AB-8A83-15168450F48C}"
EndProject
Project("{FAE04EC0-301F-11D3-BF4B-00C04F79EFBC}") = "RetailShop.Client", "RetailShop.Client\RetailShop.Client.csproj", "{AC6012DF-3869-431A-A116-2690B5673D1E}"
EndProject
Project("{FAE04EC0-301F-11D3-BF4B-00C04F79EFBC}") = "RetailShop.API", "RetailShop.API\RetailShop.API.csproj", "{EBDC97E1-1B16-45E6-8ABC-384CA83FFCFB}"
EndProject
Global
	GlobalSection(SolutionConfigurationPlatforms) = preSolution
		Debug|Any CPU = Debug|Any CPU
		Release|Any CPU = Release|Any CPU
	EndGlobalSection
	GlobalSection(ProjectConfigurationPlatforms) = postSolution
		{0765DFE4-D20D-41AB-8A83-15168450F48C}.Debug|Any CPU.ActiveCfg = Debug|Any CPU
		{0765DFE4-D20D-41AB-8A83-15168450F48C}.Debug|Any CPU.Build.0 = Debug|Any CPU
		{0765DFE4-D20D-41AB-8A83-15168450F48C}.Release|Any CPU.ActiveCfg = Release|Any CPU
		{0765DFE4-D20D-41AB-8A83-15168450F48C}.Release|Any CPU.Build.0 = Release|Any CPU
		{AC6012DF-3869-431A-A116-2690B5673D1E}.Debug|Any CPU.ActiveCfg = Debug|Any CPU
		{AC6012DF-3869-431A-A116-2690B5673D1E}.Debug|Any CPU.Build.0 = Debug|Any CPU
		{AC6012DF-3869-431A-A116-2690B5673D1E}.Release|Any CPU.ActiveCfg = Release|Any CPU
		{AC6012DF-3869-431A-A116-2690B5673D1E}.Release|Any CPU.Build.0 = Release|Any CPU
		{EBDC97E1-1B16-45E6-8ABC-384CA83FFCFB}.Debug|Any CPU.ActiveCfg = Debug|Any CPU
		{EBDC97E1-1B16-45E6-8ABC-384CA83FFCFB}.Debug|Any CPU.Build.0 = Debug|Any CPU
		{EBDC97E1-1B16-45E6-8ABC-384CA83FFCFB}.Release|Any CPU.ActiveCfg = Release|Any CPU
		{EBDC97E1-1B16-45E6-8ABC-384CA83FFCFB}.Release|Any CPU.Build.0 = Release|Any CPU
	EndGlobalSection
	GlobalSection(SolutionProperties) = preSolution
		HideSolutionNode = FALSE
	EndGlobalSection
	GlobalSection(ExtensibilityGlobals) = postSolution
		SolutionGuid = {2CDDA43E-BC89-417F-BB99-847CD2D93195}
	EndGlobalSection
EndGlobal
